
Microsoft Visual Studio Solution File, Format Version 12.00
# Visual Studio Version 16
VisualStudioVersion = 16.0.29709.97
MinimumVisualStudioVersion = 10.0.40219.1
Project("{8BC9CEB8-8B4A-11D0-8D11-00A0C91BC942}") = "Project2", "Project2\Project2.vcxproj", "{7FD3B4A6-5BD0-4CBE-83FF-74A20B55C0C2}"
EndProject
Global
	GlobalSection(SolutionConfigurationPlatforms) = preSolution
		Debug|x64 = Debug|x64
		Debug|x86 = Debug|x86
		Release|x64 = Release|x64
		Release|x86 = Release|x86
	EndGlobalSection
	GlobalSection(ProjectConfigurationPlatforms) = postSolution
		{7FD3B4A6-5BD0-4CBE-83FF-74A20B55C0C2}.Debug|x64.ActiveCfg = Debug|x64
		{7FD3B4A6-5BD0-4CBE-83FF-74A20B55C0C2}.Debug|x64.Build.0 = Debug|x64
		{7FD3B4A6-5BD0-4CBE-83FF-74A20B55C0C2}.Debug|x86.ActiveCfg = Debug|Win32
		{7FD3B4A6-5BD0-4CBE-83FF-74A20B55C0C2}.Debug|x86.Build.0 = Debug|Win32
		{7FD3B4A6-5BD0-4CBE-83FF-74A20B55C0C2}.Release|x64.ActiveCfg = Release|x64
		{7FD3B4A6-5BD0-4CBE-83FF-74A20B55C0C2}.Release|x64.Build.0 = Release|x64
		{7FD3B4A6-5BD0-4CBE-83FF-74A20B55C0C2}.Release|x86.ActiveCfg = Release|Win32
		{7FD3B4A6-5BD0-4CBE-83FF-74A20B55C0C2}.Release|x86.Build.0 = Release|Win32
	EndGlobalSection
	GlobalSection(SolutionProperties) = preSolution
		HideSolutionNode = FALSE
	EndGlobalSection
	GlobalSection(ExtensibilityGlobals) = postSolution
		SolutionGuid = {C39A93A4-F078-47B9-967D-282639EE89AA}
	EndGlobalSection
EndGlobal
